
Microsoft Visual Studio Solution File, Format Version 12.00
# Visual Studio Version 17
VisualStudioVersion = 17.11.35327.3
MinimumVisualStudioVersion = 10.0.40219.1
Project("{FAE04EC0-301F-11D3-BF4B-00C04F79EFBC}") = "Tests", "Sim-Mix-Custom-Piece-Tests\Tests.csproj", "{C10DE9C1-114C-40B0-859A-CAEDAF9A0003}"
EndProject
Project("{FAE04EC0-301F-11D3-BF4B-00C04F79EFBC}") = "BusinessLogic", "SimMixCustomPiece\BusinessLogic.csproj", "{71C30570-471D-4E9A-8BF3-280AC7CB6536}"
EndProject
Project("{FAE04EC0-301F-11D3-BF4B-00C04F79EFBC}") = "Dashboard", "Dashboard\Dashboard.csproj", "{A1AFB9E2-43AB-4EDA-A0C3-E8354BA48206}"
EndProject
Project("{FAE04EC0-301F-11D3-BF4B-00C04F79EFBC}") = "DataRepository", "DataRepository\DataRepository.csproj", "{3CCEFD93-4B7F-40B3-B626-7D9FD79EB3E5}"
EndProject
Project("{FAE04EC0-301F-11D3-BF4B-00C04F79EFBC}") = "Models", "Models\Models.csproj", "{81ACD21A-84D4-4BCA-BFBA-401E89EF0957}"
EndProject
Global
	GlobalSection(SolutionConfigurationPlatforms) = preSolution
		Debug|Any CPU = Debug|Any CPU
		Release|Any CPU = Release|Any CPU
	EndGlobalSection
	GlobalSection(ProjectConfigurationPlatforms) = postSolution
		{C10DE9C1-114C-40B0-859A-CAEDAF9A0003}.Debug|Any CPU.ActiveCfg = Debug|Any CPU
		{C10DE9C1-114C-40B0-859A-CAEDAF9A0003}.Debug|Any CPU.Build.0 = Debug|Any CPU
		{C10DE9C1-114C-40B0-859A-CAEDAF9A0003}.Release|Any CPU.ActiveCfg = Release|Any CPU
		{C10DE9C1-114C-40B0-859A-CAEDAF9A0003}.Release|Any CPU.Build.0 = Release|Any CPU
		{71C30570-471D-4E9A-8BF3-280AC7CB6536}.Debug|Any CPU.ActiveCfg = Debug|Any CPU
		{71C30570-471D-4E9A-8BF3-280AC7CB6536}.Debug|Any CPU.Build.0 = Debug|Any CPU
		{71C30570-471D-4E9A-8BF3-280AC7CB6536}.Release|Any CPU.ActiveCfg = Release|Any CPU
		{71C30570-471D-4E9A-8BF3-280AC7CB6536}.Release|Any CPU.Build.0 = Release|Any CPU
		{A1AFB9E2-43AB-4EDA-A0C3-E8354BA48206}.Debug|Any CPU.ActiveCfg = Debug|Any CPU
		{A1AFB9E2-43AB-4EDA-A0C3-E8354BA48206}.Debug|Any CPU.Build.0 = Debug|Any CPU
		{A1AFB9E2-43AB-4EDA-A0C3-E8354BA48206}.Release|Any CPU.ActiveCfg = Release|Any CPU
		{A1AFB9E2-43AB-4EDA-A0C3-E8354BA48206}.Release|Any CPU.Build.0 = Release|Any CPU
		{3CCEFD93-4B7F-40B3-B626-7D9FD79EB3E5}.Debug|Any CPU.ActiveCfg = Debug|Any CPU
		{3CCEFD93-4B7F-40B3-B626-7D9FD79EB3E5}.Debug|Any CPU.Build.0 = Debug|Any CPU
		{3CCEFD93-4B7F-40B3-B626-7D9FD79EB3E5}.Release|Any CPU.ActiveCfg = Release|Any CPU
		{3CCEFD93-4B7F-40B3-B626-7D9FD79EB3E5}.Release|Any CPU.Build.0 = Release|Any CPU
		{81ACD21A-84D4-4BCA-BFBA-401E89EF0957}.Debug|Any CPU.ActiveCfg = Debug|Any CPU
		{81ACD21A-84D4-4BCA-BFBA-401E89EF0957}.Debug|Any CPU.Build.0 = Debug|Any CPU
		{81ACD21A-84D4-4BCA-BFBA-401E89EF0957}.Release|Any CPU.ActiveCfg = Release|Any CPU
		{81ACD21A-84D4-4BCA-BFBA-401E89EF0957}.Release|Any CPU.Build.0 = Release|Any CPU
	EndGlobalSection
	GlobalSection(SolutionProperties) = preSolution
		HideSolutionNode = FALSE
	EndGlobalSection
	GlobalSection(ExtensibilityGlobals) = postSolution
		SolutionGuid = {75DF5765-6501-411F-80F9-6CD2BF8AADF4}
	EndGlobalSection
EndGlobal
